
Microsoft Visual Studio Solution File, Format Version 12.00
# Visual Studio Version 17
VisualStudioVersion = 17.10.35027.167
MinimumVisualStudioVersion = 10.0.40219.1
Project("{FAE04EC0-301F-11D3-BF4B-00C04F79EFBC}") = "practica2-POO-UI", "practica2-POO-UI\practica2-POO-UI.csproj", "{FCCB6C82-CD8C-4EE3-AA7E-BA3C8AB5F4BA}"
EndProject
Global
	GlobalSection(SolutionConfigurationPlatforms) = preSolution
		Debug|Any CPU = Debug|Any CPU
		Release|Any CPU = Release|Any CPU
	EndGlobalSection
	GlobalSection(ProjectConfigurationPlatforms) = postSolution
		{FCCB6C82-CD8C-4EE3-AA7E-BA3C8AB5F4BA}.Debug|Any CPU.ActiveCfg = Debug|Any CPU
		{FCCB6C82-CD8C-4EE3-AA7E-BA3C8AB5F4BA}.Debug|Any CPU.Build.0 = Debug|Any CPU
		{FCCB6C82-CD8C-4EE3-AA7E-BA3C8AB5F4BA}.Release|Any CPU.ActiveCfg = Release|Any CPU
		{FCCB6C82-CD8C-4EE3-AA7E-BA3C8AB5F4BA}.Release|Any CPU.Build.0 = Release|Any CPU
	EndGlobalSection
	GlobalSection(SolutionProperties) = preSolution
		HideSolutionNode = FALSE
	EndGlobalSection
	GlobalSection(ExtensibilityGlobals) = postSolution
		SolutionGuid = {9456DDF3-2BA6-4CF0-A3FF-6F1985194729}
	EndGlobalSection
EndGlobal
